
Microsoft Visual Studio Solution File, Format Version 12.00
# Visual Studio 15
VisualStudioVersion = 15.0.26730.12
MinimumVisualStudioVersion = 10.0.40219.1
Project("{FAE04EC0-301F-11D3-BF4B-00C04F79EFBC}") = "RegistrationSystem", "RegistrationSystem\RegistrationSystem.csproj", "{9838F3C8-FEB1-4AE2-94EF-B1EB87F38696}"
EndProject
Project("{FAE04EC0-301F-11D3-BF4B-00C04F79EFBC}") = "RegistrationTest", "RegistrationTest\RegistrationTest.csproj", "{9E7F83C2-0049-4703-9A59-3A598298540A}"
EndProject
Global
	GlobalSection(SolutionConfigurationPlatforms) = preSolution
		Debug|Any CPU = Debug|Any CPU
		Release|Any CPU = Release|Any CPU
	EndGlobalSection
	GlobalSection(ProjectConfigurationPlatforms) = postSolution
		{9838F3C8-FEB1-4AE2-94EF-B1EB87F38696}.Debug|Any CPU.ActiveCfg = Debug|Any CPU
		{9838F3C8-FEB1-4AE2-94EF-B1EB87F38696}.Debug|Any CPU.Build.0 = Debug|Any CPU
		{9838F3C8-FEB1-4AE2-94EF-B1EB87F38696}.Release|Any CPU.ActiveCfg = Release|Any CPU
		{9838F3C8-FEB1-4AE2-94EF-B1EB87F38696}.Release|Any CPU.Build.0 = Release|Any CPU
		{9E7F83C2-0049-4703-9A59-3A598298540A}.Debug|Any CPU.ActiveCfg = Debug|Any CPU
		{9E7F83C2-0049-4703-9A59-3A598298540A}.Debug|Any CPU.Build.0 = Debug|Any CPU
		{9E7F83C2-0049-4703-9A59-3A598298540A}.Release|Any CPU.ActiveCfg = Release|Any CPU
		{9E7F83C2-0049-4703-9A59-3A598298540A}.Release|Any CPU.Build.0 = Release|Any CPU
	EndGlobalSection
	GlobalSection(SolutionProperties) = preSolution
		HideSolutionNode = FALSE
	EndGlobalSection
	GlobalSection(ExtensibilityGlobals) = postSolution
		SolutionGuid = {B8EAC927-737D-4031-9AD9-DCFFF2A341F3}
	EndGlobalSection
EndGlobal
